
Microsoft Visual Studio Solution File, Format Version 12.00
# Visual Studio Version 16
VisualStudioVersion = 16.0.32602.291
MinimumVisualStudioVersion = 10.0.40219.1
Project("{FAE04EC0-301F-11D3-BF4B-00C04F79EFBC}") = "ExercicioContaBancaria", "ExercicioContaBancaria.csproj", "{CC48CC00-D348-408E-AA70-C4E2935BC952}"
EndProject
Global
	GlobalSection(SolutionConfigurationPlatforms) = preSolution
		Debug|Any CPU = Debug|Any CPU
		Release|Any CPU = Release|Any CPU
	EndGlobalSection
	GlobalSection(ProjectConfigurationPlatforms) = postSolution
		{CC48CC00-D348-408E-AA70-C4E2935BC952}.Debug|Any CPU.ActiveCfg = Debug|Any CPU
		{CC48CC00-D348-408E-AA70-C4E2935BC952}.Debug|Any CPU.Build.0 = Debug|Any CPU
		{CC48CC00-D348-408E-AA70-C4E2935BC952}.Release|Any CPU.ActiveCfg = Release|Any CPU
		{CC48CC00-D348-408E-AA70-C4E2935BC952}.Release|Any CPU.Build.0 = Release|Any CPU
	EndGlobalSection
	GlobalSection(SolutionProperties) = preSolution
		HideSolutionNode = FALSE
	EndGlobalSection
	GlobalSection(ExtensibilityGlobals) = postSolution
		SolutionGuid = {AC5F9297-3D6C-45BC-9DEF-BDAD43A28EDA}
	EndGlobalSection
EndGlobal
